
Microsoft Visual Studio Solution File, Format Version 12.00
# Visual Studio Version 17
VisualStudioVersion = 17.3.32825.248
MinimumVisualStudioVersion = 10.0.40219.1
Project("{196B6E78-0F82-485D-A2E2-FF9ADD606C28}") = "Harp.StepperDriver", "Harp.StepperDriver\Harp.StepperDriver.csproj", "{A96F1C4E-4C27-43A3-BFDD-DCD2920BFE86}"
EndProject
Global
	GlobalSection(SolutionConfigurationPlatforms) = preSolution
		Debug|Any CPU = Debug|Any CPU
		Release|Any CPU = Release|Any CPU
	EndGlobalSection
	GlobalSection(ProjectConfigurationPlatforms) = postSolution
		{A96F1C4E-4C27-43A3-BFDD-DCD2920BFE86}.Debug|Any CPU.ActiveCfg = Debug|Any CPU
		{A96F1C4E-4C27-43A3-BFDD-DCD2920BFE86}.Debug|Any CPU.Build.0 = Debug|Any CPU
		{A96F1C4E-4C27-43A3-BFDD-DCD2920BFE86}.Release|Any CPU.ActiveCfg = Release|Any CPU
		{A96F1C4E-4C27-43A3-BFDD-DCD2920BFE86}.Release|Any CPU.Build.0 = Release|Any CPU
	EndGlobalSection
	GlobalSection(SolutionProperties) = preSolution
		HideSolutionNode = FALSE
	EndGlobalSection
	GlobalSection(ExtensibilityGlobals) = postSolution
		SolutionGuid = {A389958A-701D-4980-BCAE-97E8628500B7}
	EndGlobalSection
EndGlobal
